
Microsoft Visual Studio Solution File, Format Version 12.00
# Visual Studio Version 16
VisualStudioVersion = 16.0.30114.105
MinimumVisualStudioVersion = 10.0.40219.1
Project("{FAE04EC0-301F-11D3-BF4B-00C04F79EFBC}") = "StringLibrary", "StringLibrary\StringLibrary.csproj", "{E0D688DA-B323-4413-ADDC-B4FFECFEC346}"
EndProject
Project("{FAE04EC0-301F-11D3-BF4B-00C04F79EFBC}") = "ShowCase", "ShowCase\ShowCase.csproj", "{5320EF0F-0C62-406B-AAD0-76E5EC8BE4FB}"
EndProject
Global
	GlobalSection(SolutionConfigurationPlatforms) = preSolution
		Debug|Any CPU = Debug|Any CPU
		Release|Any CPU = Release|Any CPU
	EndGlobalSection
	GlobalSection(SolutionProperties) = preSolution
		HideSolutionNode = FALSE
	EndGlobalSection
	GlobalSection(ProjectConfigurationPlatforms) = postSolution
		{E0D688DA-B323-4413-ADDC-B4FFECFEC346}.Debug|Any CPU.ActiveCfg = Debug|Any CPU
		{E0D688DA-B323-4413-ADDC-B4FFECFEC346}.Debug|Any CPU.Build.0 = Debug|Any CPU
		{E0D688DA-B323-4413-ADDC-B4FFECFEC346}.Release|Any CPU.ActiveCfg = Release|Any CPU
		{E0D688DA-B323-4413-ADDC-B4FFECFEC346}.Release|Any CPU.Build.0 = Release|Any CPU
		{5320EF0F-0C62-406B-AAD0-76E5EC8BE4FB}.Debug|Any CPU.ActiveCfg = Debug|Any CPU
		{5320EF0F-0C62-406B-AAD0-76E5EC8BE4FB}.Debug|Any CPU.Build.0 = Debug|Any CPU
		{5320EF0F-0C62-406B-AAD0-76E5EC8BE4FB}.Release|Any CPU.ActiveCfg = Release|Any CPU
		{5320EF0F-0C62-406B-AAD0-76E5EC8BE4FB}.Release|Any CPU.Build.0 = Release|Any CPU
	EndGlobalSection
EndGlobal
