
Microsoft Visual Studio Solution File, Format Version 12.00
# Visual Studio Version 17
VisualStudioVersion = 17.0.32014.148
MinimumVisualStudioVersion = 10.0.40219.1
Project("{9A19103F-16F7-4668-BE54-9A1E7A4F7556}") = "BulkyBookWeb", "BulkyBookWeb\BulkyBookWeb.csproj", "{ED226979-3AC3-447A-A125-861ED3107B3E}"
EndProject
Project("{FAE04EC0-301F-11D3-BF4B-00C04F79EFBC}") = "BulkyBook.DataAccess", "BulkyBook.DataAccess\BulkyBook.DataAccess.csproj", "{98D1D6FB-280B-4464-9431-0EA6C7EA51C3}"
EndProject
Project("{FAE04EC0-301F-11D3-BF4B-00C04F79EFBC}") = "BulkyBook.Model", "BulkyBook.Model\BulkyBook.Model.csproj", "{751CD38F-9DB4-473E-ADAB-F95A2A3A8810}"
EndProject
Project("{FAE04EC0-301F-11D3-BF4B-00C04F79EFBC}") = "BulkyBook.Utility", "BulkyBook.Utility\BulkyBook.Utility.csproj", "{C7E45F93-9353-41B5-9586-84FAEABE8F96}"
EndProject
Global
	GlobalSection(SolutionConfigurationPlatforms) = preSolution
		Debug|Any CPU = Debug|Any CPU
		Release|Any CPU = Release|Any CPU
	EndGlobalSection
	GlobalSection(ProjectConfigurationPlatforms) = postSolution
		{ED226979-3AC3-447A-A125-861ED3107B3E}.Debug|Any CPU.ActiveCfg = Debug|Any CPU
		{ED226979-3AC3-447A-A125-861ED3107B3E}.Debug|Any CPU.Build.0 = Debug|Any CPU
		{ED226979-3AC3-447A-A125-861ED3107B3E}.Release|Any CPU.ActiveCfg = Release|Any CPU
		{ED226979-3AC3-447A-A125-861ED3107B3E}.Release|Any CPU.Build.0 = Release|Any CPU
		{98D1D6FB-280B-4464-9431-0EA6C7EA51C3}.Debug|Any CPU.ActiveCfg = Debug|Any CPU
		{98D1D6FB-280B-4464-9431-0EA6C7EA51C3}.Debug|Any CPU.Build.0 = Debug|Any CPU
		{98D1D6FB-280B-4464-9431-0EA6C7EA51C3}.Release|Any CPU.ActiveCfg = Release|Any CPU
		{98D1D6FB-280B-4464-9431-0EA6C7EA51C3}.Release|Any CPU.Build.0 = Release|Any CPU
		{751CD38F-9DB4-473E-ADAB-F95A2A3A8810}.Debug|Any CPU.ActiveCfg = Debug|Any CPU
		{751CD38F-9DB4-473E-ADAB-F95A2A3A8810}.Debug|Any CPU.Build.0 = Debug|Any CPU
		{751CD38F-9DB4-473E-ADAB-F95A2A3A8810}.Release|Any CPU.ActiveCfg = Release|Any CPU
		{751CD38F-9DB4-473E-ADAB-F95A2A3A8810}.Release|Any CPU.Build.0 = Release|Any CPU
		{C7E45F93-9353-41B5-9586-84FAEABE8F96}.Debug|Any CPU.ActiveCfg = Debug|Any CPU
		{C7E45F93-9353-41B5-9586-84FAEABE8F96}.Debug|Any CPU.Build.0 = Debug|Any CPU
		{C7E45F93-9353-41B5-9586-84FAEABE8F96}.Release|Any CPU.ActiveCfg = Release|Any CPU
		{C7E45F93-9353-41B5-9586-84FAEABE8F96}.Release|Any CPU.Build.0 = Release|Any CPU
	EndGlobalSection
	GlobalSection(SolutionProperties) = preSolution
		HideSolutionNode = FALSE
	EndGlobalSection
	GlobalSection(ExtensibilityGlobals) = postSolution
		SolutionGuid = {9E61D409-374C-4F88-B2FF-7DD5F7CBCAD8}
	EndGlobalSection
EndGlobal
